
Microsoft Visual Studio Solution File, Format Version 12.00
# Visual Studio Version 16
VisualStudioVersion = 16.0.30611.23
MinimumVisualStudioVersion = 10.0.40219.1
Project("{FAE04EC0-301F-11D3-BF4B-00C04F79EFBC}") = "dotNet5781_00_1165_8980", "dotNet5781_00_1165_8980\dotNet5781_00_1165_8980.csproj", "{B60860D7-532C-4FA1-BEF9-B3FD8694428F}"
EndProject
Project("{FAE04EC0-301F-11D3-BF4B-00C04F79EFBC}") = "dotNet5781_01_1165_8980", "dotNet5781_01_1165_8980\dotNet5781_01_1165_8980.csproj", "{799BAFD6-ADD7-46A9-ABCA-F1CA03C63697}"
EndProject
Project("{FAE04EC0-301F-11D3-BF4B-00C04F79EFBC}") = "dotNet5781_02_1165_8980", "dotNet5781_02_1165_8980\dotNet5781_02_1165_8980.csproj", "{37BABF37-5E7B-43CD-A286-5C81264D47C9}"
EndProject
Project("{FAE04EC0-301F-11D3-BF4B-00C04F79EFBC}") = "dotNet5781_03A_1165_8980", "dotNet5781_03A_1165_8980\dotNet5781_03A_1165_8980.csproj", "{8AF6F81E-6D02-4485-8B08-B569084EEA20}"
EndProject
Project("{FAE04EC0-301F-11D3-BF4B-00C04F79EFBC}") = "dotNet5781_03B_1165_8980", "dotNet5781_03B_1165_8980\dotNet5781_03B_1165_8980.csproj", "{51238755-5F9F-4F3B-9AF1-E2A08DCF2CB3}"
EndProject
Project("{FAE04EC0-301F-11D3-BF4B-00C04F79EFBC}") = "DS", "DS\DS.csproj", "{17D9C931-7BEA-455E-8FB1-646C6D62348C}"
EndProject
Project("{FAE04EC0-301F-11D3-BF4B-00C04F79EFBC}") = "DLObject", "DLObject\DLObject.csproj", "{0CC72C53-46EC-442D-80EB-89C7A36CD5B2}"
EndProject
Project("{FAE04EC0-301F-11D3-BF4B-00C04F79EFBC}") = "DLAPI", "DLAPI\DLAPI.csproj", "{E8505A1C-4323-4085-8A7D-96C2E5C5D8CD}"
EndProject
Project("{FAE04EC0-301F-11D3-BF4B-00C04F79EFBC}") = "BL", "BL\BL.csproj", "{2256497B-4C6A-485F-8B1B-BFC792E8A372}"
EndProject
Project("{FAE04EC0-301F-11D3-BF4B-00C04F79EFBC}") = "PL", "PL\PL.csproj", "{2A8C40D2-C035-45F9-AF1E-7874ED36F6AB}"
EndProject
Project("{2150E333-8FDC-42A3-9474-1A3956D46DE8}") = "Solution Items", "Solution Items", "{4A4012BB-1415-4428-9B02-8E3DCDCB5847}"
	ProjectSection(SolutionItems) = preProject
		bin\config.xml = bin\config.xml
	EndProjectSection
EndProject
Global
	GlobalSection(SolutionConfigurationPlatforms) = preSolution
		Debug|Any CPU = Debug|Any CPU
		Release|Any CPU = Release|Any CPU
	EndGlobalSection
	GlobalSection(ProjectConfigurationPlatforms) = postSolution
		{B60860D7-532C-4FA1-BEF9-B3FD8694428F}.Debug|Any CPU.ActiveCfg = Debug|Any CPU
		{B60860D7-532C-4FA1-BEF9-B3FD8694428F}.Debug|Any CPU.Build.0 = Debug|Any CPU
		{B60860D7-532C-4FA1-BEF9-B3FD8694428F}.Release|Any CPU.ActiveCfg = Release|Any CPU
		{B60860D7-532C-4FA1-BEF9-B3FD8694428F}.Release|Any CPU.Build.0 = Release|Any CPU
		{799BAFD6-ADD7-46A9-ABCA-F1CA03C63697}.Debug|Any CPU.ActiveCfg = Debug|Any CPU
		{799BAFD6-ADD7-46A9-ABCA-F1CA03C63697}.Debug|Any CPU.Build.0 = Debug|Any CPU
		{799BAFD6-ADD7-46A9-ABCA-F1CA03C63697}.Release|Any CPU.ActiveCfg = Release|Any CPU
		{799BAFD6-ADD7-46A9-ABCA-F1CA03C63697}.Release|Any CPU.Build.0 = Release|Any CPU
		{37BABF37-5E7B-43CD-A286-5C81264D47C9}.Debug|Any CPU.ActiveCfg = Debug|Any CPU
		{37BABF37-5E7B-43CD-A286-5C81264D47C9}.Debug|Any CPU.Build.0 = Debug|Any CPU
		{37BABF37-5E7B-43CD-A286-5C81264D47C9}.Release|Any CPU.ActiveCfg = Release|Any CPU
		{37BABF37-5E7B-43CD-A286-5C81264D47C9}.Release|Any CPU.Build.0 = Release|Any CPU
		{8AF6F81E-6D02-4485-8B08-B569084EEA20}.Debug|Any CPU.ActiveCfg = Debug|Any CPU
		{8AF6F81E-6D02-4485-8B08-B569084EEA20}.Debug|Any CPU.Build.0 = Debug|Any CPU
		{8AF6F81E-6D02-4485-8B08-B569084EEA20}.Release|Any CPU.ActiveCfg = Release|Any CPU
		{8AF6F81E-6D02-4485-8B08-B569084EEA20}.Release|Any CPU.Build.0 = Release|Any CPU
		{51238755-5F9F-4F3B-9AF1-E2A08DCF2CB3}.Debug|Any CPU.ActiveCfg = Debug|Any CPU
		{51238755-5F9F-4F3B-9AF1-E2A08DCF2CB3}.Debug|Any CPU.Build.0 = Debug|Any CPU
		{51238755-5F9F-4F3B-9AF1-E2A08DCF2CB3}.Release|Any CPU.ActiveCfg = Release|Any CPU
		{51238755-5F9F-4F3B-9AF1-E2A08DCF2CB3}.Release|Any CPU.Build.0 = Release|Any CPU
		{17D9C931-7BEA-455E-8FB1-646C6D62348C}.Debug|Any CPU.ActiveCfg = Debug|Any CPU
		{17D9C931-7BEA-455E-8FB1-646C6D62348C}.Debug|Any CPU.Build.0 = Debug|Any CPU
		{17D9C931-7BEA-455E-8FB1-646C6D62348C}.Release|Any CPU.ActiveCfg = Release|Any CPU
		{17D9C931-7BEA-455E-8FB1-646C6D62348C}.Release|Any CPU.Build.0 = Release|Any CPU
		{0CC72C53-46EC-442D-80EB-89C7A36CD5B2}.Debug|Any CPU.ActiveCfg = Debug|Any CPU
		{0CC72C53-46EC-442D-80EB-89C7A36CD5B2}.Debug|Any CPU.Build.0 = Debug|Any CPU
		{0CC72C53-46EC-442D-80EB-89C7A36CD5B2}.Release|Any CPU.ActiveCfg = Release|Any CPU
		{0CC72C53-46EC-442D-80EB-89C7A36CD5B2}.Release|Any CPU.Build.0 = Release|Any CPU
		{E8505A1C-4323-4085-8A7D-96C2E5C5D8CD}.Debug|Any CPU.ActiveCfg = Debug|Any CPU
		{E8505A1C-4323-4085-8A7D-96C2E5C5D8CD}.Debug|Any CPU.Build.0 = Debug|Any CPU
		{E8505A1C-4323-4085-8A7D-96C2E5C5D8CD}.Release|Any CPU.ActiveCfg = Release|Any CPU
		{E8505A1C-4323-4085-8A7D-96C2E5C5D8CD}.Release|Any CPU.Build.0 = Release|Any CPU
		{2256497B-4C6A-485F-8B1B-BFC792E8A372}.Debug|Any CPU.ActiveCfg = Debug|Any CPU
		{2256497B-4C6A-485F-8B1B-BFC792E8A372}.Debug|Any CPU.Build.0 = Debug|Any CPU
		{2256497B-4C6A-485F-8B1B-BFC792E8A372}.Release|Any CPU.ActiveCfg = Release|Any CPU
		{2256497B-4C6A-485F-8B1B-BFC792E8A372}.Release|Any CPU.Build.0 = Release|Any CPU
		{2A8C40D2-C035-45F9-AF1E-7874ED36F6AB}.Debug|Any CPU.ActiveCfg = Debug|Any CPU
		{2A8C40D2-C035-45F9-AF1E-7874ED36F6AB}.Debug|Any CPU.Build.0 = Debug|Any CPU
		{2A8C40D2-C035-45F9-AF1E-7874ED36F6AB}.Release|Any CPU.ActiveCfg = Release|Any CPU
		{2A8C40D2-C035-45F9-AF1E-7874ED36F6AB}.Release|Any CPU.Build.0 = Release|Any CPU
	EndGlobalSection
	GlobalSection(SolutionProperties) = preSolution
		HideSolutionNode = FALSE
	EndGlobalSection
	GlobalSection(ExtensibilityGlobals) = postSolution
		SolutionGuid = {A852B6FA-4217-4FF3-80D5-08AC64B86B58}
	EndGlobalSection
EndGlobal
